<?xml version="1.0" encoding="utf-8"?>
<Project ToolsVersion="4.0" xmlns="http://schemas.microsoft.com/developer/msbuild/2003">
  <ItemGroup>
    <ClCompile Include="pusn_modelclass.cpp">
      <Filter>Source Files\Models</Filter>
    </ClCompile>
    <ClCompile Include="pusn_heightMap.cpp">
      <Filter>Source Files</Filter>
    </ClCompile>
    <ClCompile Include="pusn_miller.cpp">
      <Filter>Source Files\Models</Filter>
    </ClCompile>
    <ClCompile Include="pusn_coordinateSystem.cpp">
      <Filter>Source Files\Models</Filter>
    </ClCompile>
    <ClCompile Include="pusn_applicationBase.cpp">
      <Filter>Source Files\Context</Filter>
    </ClCompile>
    <ClCompile Include="pusn_camera.cpp">
      <Filter>Source Files\Context</Filter>
    </ClCompile>
    <ClCompile Include="pusn_constantBuffer.cpp">
      <Filter>Source Files\Context</Filter>
    </ClCompile>
    <ClCompile Include="pusn_deviceHelper.cpp">
      <Filter>Source Files\Context</Filter>
    </ClCompile>
    <ClCompile Include="pusn_effectBase.cpp">
      <Filter>Source Files\Context</Filter>
    </ClCompile>
    <ClCompile Include="pusn_exceptions.cpp">
      <Filter>Source Files\Context</Filter>
    </ClCompile>
    <ClCompile Include="pusn_input.cpp">
      <Filter>Source Files\Context</Filter>
    </ClCompile>
    <ClCompile Include="pusn_lightShadowEffect.cpp">
      <Filter>Source Files\Context</Filter>
    </ClCompile>
    <ClCompile Include="pusn_particles.cpp">
      <Filter>Source Files\Context</Filter>
    </ClCompile>
    <ClCompile Include="pusn_phongEffect.cpp">
      <Filter>Source Files\Context</Filter>
    </ClCompile>
    <ClCompile Include="pusn_utils.cpp">
      <Filter>Source Files\Context</Filter>
    </ClCompile>
    <ClCompile Include="pusn_vertices.cpp">
      <Filter>Source Files\Context</Filter>
    </ClCompile>
    <ClCompile Include="pusn_window.cpp">
      <Filter>Source Files\Context</Filter>
    </ClCompile>
    <ClCompile Include="pusn_main.cpp">
      <Filter>Source Files\Context</Filter>
    </ClCompile>
    <ClCompile Include="pusn_butterfly.cpp">
      <Filter>Source Files\Context</Filter>
    </ClCompile>
    <ClCompile Include="pusn_scene.cpp">
      <Filter>Source Files</Filter>
    </ClCompile>
    <ClCompile Include="pusn_fileReader.cpp">
      <Filter>Source Files\IO</Filter>
    </ClCompile>
    <ClCompile Include="pusn_service.cpp">
      <Filter>Source Files\Containers</Filter>
    </ClCompile>
    <ClCompile Include="pusn_menu.cpp">
      <Filter>Source Files\Menu</Filter>
    </ClCompile>
    <ClCompile Include="pusn_path.cpp">
      <Filter>Source Files</Filter>
    </ClCompile>
    <ClCompile Include="pusn_fileWriter.cpp">
      <Filter>Source Files\IO</Filter>
    </ClCompile>
    <ClCompile Include="pusn_pathDrawer.cpp">
      <Filter>Source Files\Models</Filter>
    </ClCompile>
    <ClCompile Include="pusn_marchingSquares.cpp">
      <Filter>Source Files\Helpers</Filter>
    </ClCompile>
  </ItemGroup>
  <ItemGroup>
    <ClInclude Include="pusn_modelclass.h">
      <Filter>Header Files\Models</Filter>
    </ClInclude>
    <ClInclude Include="pusn_heightMap.h">
      <Filter>Header Files</Filter>
    </ClInclude>
    <ClInclude Include="pusn_miller.h">
      <Filter>Header Files\Models</Filter>
    </ClInclude>
    <ClInclude Include="pusn_coordinateSystem.h">
      <Filter>Header Files\Models</Filter>
    </ClInclude>
    <ClInclude Include="pusn_applicationBase.h">
      <Filter>Header Files\Context</Filter>
    </ClInclude>
    <ClInclude Include="pusn_butterfly.h">
      <Filter>Header Files\Context</Filter>
    </ClInclude>
    <ClInclude Include="pusn_camera.h">
      <Filter>Header Files\Context</Filter>
    </ClInclude>
    <ClInclude Include="pusn_constantBuffer.h">
      <Filter>Header Files\Context</Filter>
    </ClInclude>
    <ClInclude Include="pusn_deviceHelper.h">
      <Filter>Header Files\Context</Filter>
    </ClInclude>
    <ClInclude Include="pusn_effectBase.h">
      <Filter>Header Files\Context</Filter>
    </ClInclude>
    <ClInclude Include="pusn_exceptions.h">
      <Filter>Header Files\Context</Filter>
    </ClInclude>
    <ClInclude Include="pusn_input.h">
      <Filter>Header Files\Context</Filter>
    </ClInclude>
    <ClInclude Include="pusn_lightShadowEffect.h">
      <Filter>Header Files\Context</Filter>
    </ClInclude>
    <ClInclude Include="pusn_particles.h">
      <Filter>Header Files\Context</Filter>
    </ClInclude>
    <ClInclude Include="pusn_phongEffect.h">
      <Filter>Header Files\Context</Filter>
    </ClInclude>
    <ClInclude Include="pusn_utils.h">
      <Filter>Header Files\Context</Filter>
    </ClInclude>
    <ClInclude Include="pusn_vertices.h">
      <Filter>Header Files\Context</Filter>
    </ClInclude>
    <ClInclude Include="pusn_window.h">
      <Filter>Header Files\Context</Filter>
    </ClInclude>
    <ClInclude Include="pusn_scene.h">
      <Filter>Header Files</Filter>
    </ClInclude>
    <ClInclude Include="pusn_fileReader.h">
      <Filter>Header Files\IO</Filter>
    </ClInclude>
    <ClInclude Include="pusn_service.h">
      <Filter>Header Files\Containers</Filter>
    </ClInclude>
    <ClInclude Include="pusn_menu_service.h">
      <Filter>Header Files\Containers</Filter>
    </ClInclude>
    <ClInclude Include="pusn_path.h">
      <Filter>Header Files</Filter>
    </ClInclude>
    <ClInclude Include="pusn_fileWriter.h">
      <Filter>Header Files\IO</Filter>
    </ClInclude>
    <ClInclude Include="pusn_pathDrawer.h">
      <Filter>Header Files\Models</Filter>
    </ClInclude>
    <ClInclude Include="pusn_marchingSquares.h">
      <Filter>Header Files\Helpers</Filter>
    </ClInclude>
    <ClInclude Include="pusn_menu.h">
      <Filter>Menu</Filter>
    </ClInclude>
  </ItemGroup>
  <ItemGroup>
    <Filter Include="Header Files">
      <UniqueIdentifier>{2ad386cf-460d-4586-9e08-1b098f39f2dc}</UniqueIdentifier>
    </Filter>
    <Filter Include="Source Files">
      <UniqueIdentifier>{bee497d3-a8aa-41d5-947d-917c19a87cd5}</UniqueIdentifier>
    </Filter>
    <Filter Include="Resource Files">
      <UniqueIdentifier>{f6b7a52c-7a92-4a85-9252-78c77ab1ccaf}</UniqueIdentifier>
    </Filter>
    <Filter Include="Source Files\Models">
      <UniqueIdentifier>{8eed74b0-dd7b-4801-974a-6ae8005a6329}</UniqueIdentifier>
    </Filter>
    <Filter Include="Header Files\Models">
      <UniqueIdentifier>{016834d7-8191-4d9f-a818-7a0a5d7021c7}</UniqueIdentifier>
    </Filter>
    <Filter Include="Source Files\Context">
      <UniqueIdentifier>{ecdfd11e-66a7-4a26-86c2-900918d5784f}</UniqueIdentifier>
    </Filter>
    <Filter Include="Header Files\Context">
      <UniqueIdentifier>{bc499c91-7cf8-4ace-9eaf-23b7360d56ea}</UniqueIdentifier>
    </Filter>
    <Filter Include="Header Files\IO">
      <UniqueIdentifier>{82b4ac80-bcc3-48b1-be6b-babe7265c2a4}</UniqueIdentifier>
    </Filter>
    <Filter Include="Source Files\IO">
      <UniqueIdentifier>{ec29b4c3-c850-452c-a91d-03f09f91a950}</UniqueIdentifier>
    </Filter>
    <Filter Include="Header Files\Containers">
      <UniqueIdentifier>{94174fa7-e1a6-461e-afda-269cde7e7de9}</UniqueIdentifier>
    </Filter>
    <Filter Include="Source Files\Containers">
      <UniqueIdentifier>{276d2426-3f7b-4819-9dc9-2932ea5c0118}</UniqueIdentifier>
    </Filter>
    <Filter Include="Source Files\Menu">
      <UniqueIdentifier>{c8d53213-8e83-450e-b359-ff8b8bf8be1c}</UniqueIdentifier>
    </Filter>
    <Filter Include="Header Files\Helpers">
      <UniqueIdentifier>{3412ec70-acae-449c-a86b-062018654908}</UniqueIdentifier>
    </Filter>
    <Filter Include="Source Files\Helpers">
      <UniqueIdentifier>{f4cfdcb6-c448-4479-9922-c76466147191}</UniqueIdentifier>
    </Filter>
    <Filter Include="Menu">
      <UniqueIdentifier>{7dfd7a4f-f3fd-4b5f-8ce2-fc461c28efa0}</UniqueIdentifier>
    </Filter>
  </ItemGroup>
  <ItemGroup>
    <None Include="resources\shaders\Butterfly.hlsl">
      <Filter>Resource Files</Filter>
    </None>
    <None Include="resources\shaders\LightShadow.hlsl">
      <Filter>Resource Files</Filter>
    </None>
    <None Include="resources\shaders\Particles.hlsl">
      <Filter>Resource Files</Filter>
    </None>
    <None Include="resources\shaders\PhongShader.hlsl">
      <Filter>Resource Files</Filter>
    </None>
    <None Include="resources\shaders\Puma.hlsl">
      <Filter>Resource Files</Filter>
    </None>
  </ItemGroup>
</Project>